
Microsoft Visual Studio Solution File, Format Version 12.00
Project("{2150E333-8FDC-42A3-9474-1A3956D46DE8}") = "Server", "Server", "{4F6BE84A-C5D7-4183-BC7A-F035A6B129B2}"
EndProject
Project("{FAE04EC0-301F-11D3-BF4B-00C04F79EFBC}") = "LogicInterfaces", "Server\LogicInterfaces\LogicInterfaces.csproj", "{7A01F00E-B2B4-43AF-8711-6AE399D66E9E}"
EndProject
Project("{2150E333-8FDC-42A3-9474-1A3956D46DE8}") = "Shared", "Shared", "{E438425E-FE56-4844-B371-3840546E94A2}"
EndProject
Project("{FAE04EC0-301F-11D3-BF4B-00C04F79EFBC}") = "WebAPI", "Server\WebAPI\WebAPI.csproj", "{A8D61DB8-0942-400F-8E64-3AA89F2E4594}"
EndProject
Project("{2150E333-8FDC-42A3-9474-1A3956D46DE8}") = "Solution Items", "Solution Items", "{1B2E54B9-44E0-422A-8176-73B671FA4216}"
	ProjectSection(SolutionItems) = preProject
		compose.yaml = compose.yaml
	EndProjectSection
EndProject
Project("{FAE04EC0-301F-11D3-BF4B-00C04F79EFBC}") = "Entities", "Server\Entities\Entities.csproj", "{E2079F00-D292-4DF9-B959-CA69AF57DEB9}"
EndProject
Project("{FAE04EC0-301F-11D3-BF4B-00C04F79EFBC}") = "SenderService", "Server\SenderService\SenderService.csproj", "{DD7337D0-0992-4350-AC0C-EA7F9E7EEEAC}"
EndProject
Project("{FAE04EC0-301F-11D3-BF4B-00C04F79EFBC}") = "ReceiverService", "Server\ReceiverService\ReceiverService.csproj", "{29996139-C2DE-4C35-B90F-F17680431BE5}"
EndProject
Project("{FAE04EC0-301F-11D3-BF4B-00C04F79EFBC}") = "DTOs", "Shared\DTOs\DTOs.csproj", "{CA6BD64C-74A6-455D-9DDE-8A4265E2B173}"
EndProject
Project("{FAE04EC0-301F-11D3-BF4B-00C04F79EFBC}") = "LogicImplements", "Server\LogicImplements\LogicImplements.csproj", "{DD4855AA-B4FF-4FBB-A993-A223323C17B7}"
EndProject
Project("{FAE04EC0-301F-11D3-BF4B-00C04F79EFBC}") = "Database", "Shared\Database\Database.csproj", "{78C7B19A-A3DD-4C84-900E-AB5BB78F6E9B}"
EndProject
Project("{2150E333-8FDC-42A3-9474-1A3956D46DE8}") = "Tests", "Tests", "{2373D56D-3DD7-47E6-B3B9-0EFE2F883946}"
EndProject
Project("{FAE04EC0-301F-11D3-BF4B-00C04F79EFBC}") = "ImplementationTests", "ImplementationTests\ImplementationTests.csproj", "{EF99F4CA-E899-4EB3-841B-3C53E73DB568}"
EndProject
Project("{FAE04EC0-301F-11D3-BF4B-00C04F79EFBC}") = "APITests", "APITests\APITests.csproj", "{E991364B-057A-4CDF-964F-903426B41D37}"
EndProject
Project("{FAE04EC0-301F-11D3-BF4B-00C04F79EFBC}") = "GoogleCloud", "Shared\GoogleCloud\GoogleCloud.csproj", "{DEFD2358-DAB0-4F5C-9C28-4CECF5420C79}"
Project("{FAE04EC0-301F-11D3-BF4B-00C04F79EFBC}") = "Tools", "Tools\Tools.csproj", "{CFE92DB0-E30D-4CBA-BD83-720156B457E0}"

EndProject
Global
	GlobalSection(SolutionConfigurationPlatforms) = preSolution
		Debug|Any CPU = Debug|Any CPU
		Release|Any CPU = Release|Any CPU
	EndGlobalSection
	GlobalSection(NestedProjects) = preSolution
		{7A01F00E-B2B4-43AF-8711-6AE399D66E9E} = {4F6BE84A-C5D7-4183-BC7A-F035A6B129B2}
		{A8D61DB8-0942-400F-8E64-3AA89F2E4594} = {4F6BE84A-C5D7-4183-BC7A-F035A6B129B2}
		{E2079F00-D292-4DF9-B959-CA69AF57DEB9} = {E438425E-FE56-4844-B371-3840546E94A2}
		{DD7337D0-0992-4350-AC0C-EA7F9E7EEEAC} = {4F6BE84A-C5D7-4183-BC7A-F035A6B129B2}
		{29996139-C2DE-4C35-B90F-F17680431BE5} = {4F6BE84A-C5D7-4183-BC7A-F035A6B129B2}
		{CA6BD64C-74A6-455D-9DDE-8A4265E2B173} = {E438425E-FE56-4844-B371-3840546E94A2}
		{DD4855AA-B4FF-4FBB-A993-A223323C17B7} = {4F6BE84A-C5D7-4183-BC7A-F035A6B129B2}
		{78C7B19A-A3DD-4C84-900E-AB5BB78F6E9B} = {E438425E-FE56-4844-B371-3840546E94A2}
		{EF99F4CA-E899-4EB3-841B-3C53E73DB568} = {2373D56D-3DD7-47E6-B3B9-0EFE2F883946}
		{E991364B-057A-4CDF-964F-903426B41D37} = {2373D56D-3DD7-47E6-B3B9-0EFE2F883946}
		{DEFD2358-DAB0-4F5C-9C28-4CECF5420C79} = {E438425E-FE56-4844-B371-3840546E94A2}
		{CFE92DB0-E30D-4CBA-BD83-720156B457E0} = {E438425E-FE56-4844-B371-3840546E94A2}

	EndGlobalSection
	GlobalSection(ProjectConfigurationPlatforms) = postSolution
		{7A01F00E-B2B4-43AF-8711-6AE399D66E9E}.Debug|Any CPU.ActiveCfg = Debug|Any CPU
		{7A01F00E-B2B4-43AF-8711-6AE399D66E9E}.Debug|Any CPU.Build.0 = Debug|Any CPU
		{7A01F00E-B2B4-43AF-8711-6AE399D66E9E}.Release|Any CPU.ActiveCfg = Release|Any CPU
		{7A01F00E-B2B4-43AF-8711-6AE399D66E9E}.Release|Any CPU.Build.0 = Release|Any CPU
		{A8D61DB8-0942-400F-8E64-3AA89F2E4594}.Debug|Any CPU.ActiveCfg = Debug|Any CPU
		{A8D61DB8-0942-400F-8E64-3AA89F2E4594}.Debug|Any CPU.Build.0 = Debug|Any CPU
		{A8D61DB8-0942-400F-8E64-3AA89F2E4594}.Release|Any CPU.ActiveCfg = Release|Any CPU
		{A8D61DB8-0942-400F-8E64-3AA89F2E4594}.Release|Any CPU.Build.0 = Release|Any CPU
		{E2079F00-D292-4DF9-B959-CA69AF57DEB9}.Debug|Any CPU.ActiveCfg = Debug|Any CPU
		{E2079F00-D292-4DF9-B959-CA69AF57DEB9}.Debug|Any CPU.Build.0 = Debug|Any CPU
		{E2079F00-D292-4DF9-B959-CA69AF57DEB9}.Release|Any CPU.ActiveCfg = Release|Any CPU
		{E2079F00-D292-4DF9-B959-CA69AF57DEB9}.Release|Any CPU.Build.0 = Release|Any CPU
		{DD7337D0-0992-4350-AC0C-EA7F9E7EEEAC}.Debug|Any CPU.ActiveCfg = Debug|Any CPU
		{DD7337D0-0992-4350-AC0C-EA7F9E7EEEAC}.Debug|Any CPU.Build.0 = Debug|Any CPU
		{DD7337D0-0992-4350-AC0C-EA7F9E7EEEAC}.Release|Any CPU.ActiveCfg = Release|Any CPU
		{DD7337D0-0992-4350-AC0C-EA7F9E7EEEAC}.Release|Any CPU.Build.0 = Release|Any CPU
		{29996139-C2DE-4C35-B90F-F17680431BE5}.Debug|Any CPU.ActiveCfg = Debug|Any CPU
		{29996139-C2DE-4C35-B90F-F17680431BE5}.Debug|Any CPU.Build.0 = Debug|Any CPU
		{29996139-C2DE-4C35-B90F-F17680431BE5}.Release|Any CPU.ActiveCfg = Release|Any CPU
		{29996139-C2DE-4C35-B90F-F17680431BE5}.Release|Any CPU.Build.0 = Release|Any CPU
		{CA6BD64C-74A6-455D-9DDE-8A4265E2B173}.Debug|Any CPU.ActiveCfg = Debug|Any CPU
		{CA6BD64C-74A6-455D-9DDE-8A4265E2B173}.Debug|Any CPU.Build.0 = Debug|Any CPU
		{CA6BD64C-74A6-455D-9DDE-8A4265E2B173}.Release|Any CPU.ActiveCfg = Release|Any CPU
		{CA6BD64C-74A6-455D-9DDE-8A4265E2B173}.Release|Any CPU.Build.0 = Release|Any CPU
		{DD4855AA-B4FF-4FBB-A993-A223323C17B7}.Debug|Any CPU.ActiveCfg = Debug|Any CPU
		{DD4855AA-B4FF-4FBB-A993-A223323C17B7}.Debug|Any CPU.Build.0 = Debug|Any CPU
		{DD4855AA-B4FF-4FBB-A993-A223323C17B7}.Release|Any CPU.ActiveCfg = Release|Any CPU
		{DD4855AA-B4FF-4FBB-A993-A223323C17B7}.Release|Any CPU.Build.0 = Release|Any CPU
		{78C7B19A-A3DD-4C84-900E-AB5BB78F6E9B}.Debug|Any CPU.ActiveCfg = Debug|Any CPU
		{78C7B19A-A3DD-4C84-900E-AB5BB78F6E9B}.Debug|Any CPU.Build.0 = Debug|Any CPU
		{78C7B19A-A3DD-4C84-900E-AB5BB78F6E9B}.Release|Any CPU.ActiveCfg = Release|Any CPU
		{78C7B19A-A3DD-4C84-900E-AB5BB78F6E9B}.Release|Any CPU.Build.0 = Release|Any CPU
		{EF99F4CA-E899-4EB3-841B-3C53E73DB568}.Debug|Any CPU.ActiveCfg = Debug|Any CPU
		{EF99F4CA-E899-4EB3-841B-3C53E73DB568}.Debug|Any CPU.Build.0 = Debug|Any CPU
		{EF99F4CA-E899-4EB3-841B-3C53E73DB568}.Release|Any CPU.ActiveCfg = Release|Any CPU
		{EF99F4CA-E899-4EB3-841B-3C53E73DB568}.Release|Any CPU.Build.0 = Release|Any CPU
		{E991364B-057A-4CDF-964F-903426B41D37}.Debug|Any CPU.ActiveCfg = Debug|Any CPU
		{E991364B-057A-4CDF-964F-903426B41D37}.Debug|Any CPU.Build.0 = Debug|Any CPU
		{E991364B-057A-4CDF-964F-903426B41D37}.Release|Any CPU.ActiveCfg = Release|Any CPU
		{E991364B-057A-4CDF-964F-903426B41D37}.Release|Any CPU.Build.0 = Release|Any CPU
		{DEFD2358-DAB0-4F5C-9C28-4CECF5420C79}.Debug|Any CPU.ActiveCfg = Debug|Any CPU
		{DEFD2358-DAB0-4F5C-9C28-4CECF5420C79}.Debug|Any CPU.Build.0 = Debug|Any CPU
		{DEFD2358-DAB0-4F5C-9C28-4CECF5420C79}.Release|Any CPU.ActiveCfg = Release|Any CPU
		{DEFD2358-DAB0-4F5C-9C28-4CECF5420C79}.Release|Any CPU.Build.0 = Release|Any CPU
		{CFE92DB0-E30D-4CBA-BD83-720156B457E0}.Debug|Any CPU.ActiveCfg = Debug|Any CPU
		{CFE92DB0-E30D-4CBA-BD83-720156B457E0}.Debug|Any CPU.Build.0 = Debug|Any CPU
		{CFE92DB0-E30D-4CBA-BD83-720156B457E0}.Release|Any CPU.ActiveCfg = Release|Any CPU
		{CFE92DB0-E30D-4CBA-BD83-720156B457E0}.Release|Any CPU.Build.0 = Release|Any CPU

	EndGlobalSection
EndGlobal
